
Microsoft Visual Studio Solution File, Format Version 12.00
# Visual Studio Version 17
VisualStudioVersion = 17.4.33403.182
MinimumVisualStudioVersion = 10.0.40219.1
Project("{FAE04EC0-301F-11D3-BF4B-00C04F79EFBC}") = "Tic Tac Toe Game", "Tic Tac Toe Game\Tic Tac Toe Game.csproj", "{002E0D95-D1C3-4645-8271-B6287A29E83B}"
EndProject
Global
	GlobalSection(SolutionConfigurationPlatforms) = preSolution
		Debug|Any CPU = Debug|Any CPU
		Release|Any CPU = Release|Any CPU
	EndGlobalSection
	GlobalSection(ProjectConfigurationPlatforms) = postSolution
		{002E0D95-D1C3-4645-8271-B6287A29E83B}.Debug|Any CPU.ActiveCfg = Debug|Any CPU
		{002E0D95-D1C3-4645-8271-B6287A29E83B}.Debug|Any CPU.Build.0 = Debug|Any CPU
		{002E0D95-D1C3-4645-8271-B6287A29E83B}.Release|Any CPU.ActiveCfg = Release|Any CPU
		{002E0D95-D1C3-4645-8271-B6287A29E83B}.Release|Any CPU.Build.0 = Release|Any CPU
	EndGlobalSection
	GlobalSection(SolutionProperties) = preSolution
		HideSolutionNode = FALSE
	EndGlobalSection
	GlobalSection(ExtensibilityGlobals) = postSolution
		SolutionGuid = {60B93F88-E364-42E1-A031-5D50656D5C52}
	EndGlobalSection
EndGlobal
